
Microsoft Visual Studio Solution File, Format Version 12.00
# Visual Studio 14
VisualStudioVersion = 14.0.23107.0
MinimumVisualStudioVersion = 10.0.40219.1
Project("{E24C65DC-7377-472B-9ABA-BC803B73C61A}") = "WebStream", "D:\wwwroot\WebStreamHome\WebStream\", "{AA031939-8EF7-4074-B1F6-CB3F74D14C18}"
	ProjectSection(WebsiteProperties) = preProject
		TargetFrameworkMoniker = ".NETFramework,Version%3Dv4.5.2"
		Debug.AspNetCompiler.VirtualPath = "/localhost_2710"
		Debug.AspNetCompiler.PhysicalPath = "WebStream\"
		Debug.AspNetCompiler.TargetPath = "PrecompiledWeb\localhost_2710\"
		Debug.AspNetCompiler.Updateable = "true"
		Debug.AspNetCompiler.ForceOverwrite = "true"
		Debug.AspNetCompiler.FixedNames = "false"
		Debug.AspNetCompiler.Debug = "True"
		Release.AspNetCompiler.VirtualPath = "/localhost_2710"
		Release.AspNetCompiler.PhysicalPath = "WebStream\"
		Release.AspNetCompiler.TargetPath = "PrecompiledWeb\localhost_2710\"
		Release.AspNetCompiler.Updateable = "true"
		Release.AspNetCompiler.ForceOverwrite = "true"
		Release.AspNetCompiler.FixedNames = "false"
		Release.AspNetCompiler.Debug = "False"
		VWDPort = "2710"
		SlnRelativePath = "WebStream\"
	EndProjectSection
EndProject
Global
	GlobalSection(SolutionConfigurationPlatforms) = preSolution
		Debug|Any CPU = Debug|Any CPU
	EndGlobalSection
	GlobalSection(ProjectConfigurationPlatforms) = postSolution
		{AA031939-8EF7-4074-B1F6-CB3F74D14C18}.Debug|Any CPU.ActiveCfg = Debug|Any CPU
		{AA031939-8EF7-4074-B1F6-CB3F74D14C18}.Debug|Any CPU.Build.0 = Debug|Any CPU
	EndGlobalSection
	GlobalSection(SolutionProperties) = preSolution
		HideSolutionNode = FALSE
	EndGlobalSection
EndGlobal
